
Microsoft Visual Studio Solution File, Format Version 12.00
# Visual Studio Version 16
VisualStudioVersion = 16.0.29613.14
MinimumVisualStudioVersion = 10.0.40219.1
Project("{FAE04EC0-301F-11D3-BF4B-00C04F79EFBC}") = "TicTacToeLib", "TicTacToeLib\TicTacToeLib.csproj", "{130ACD2B-1EB2-4BDB-8501-944D88114B26}"
EndProject
Project("{2150E333-8FDC-42A3-9474-1A3956D46DE8}") = "Console", "Console", "{B4BA5DD9-2A8A-4EED-ACF8-F9A6C1DC1277}"
EndProject
Project("{2150E333-8FDC-42A3-9474-1A3956D46DE8}") = "Desktop", "Desktop", "{8A53F5A9-D385-474B-94CC-C0D134149D07}"
EndProject
Project("{2150E333-8FDC-42A3-9474-1A3956D46DE8}") = "Web", "Web", "{927ED21D-4500-4DE4-8744-FFD45F3BFDF6}"
EndProject
Project("{FAE04EC0-301F-11D3-BF4B-00C04F79EFBC}") = "TicTacToeConsoleApp", "Console\TicTacToeConsoleApp\TicTacToeConsoleApp.csproj", "{C36ED5CC-D0F9-4FD4-A248-118BBB0702F3}"
EndProject
Global
	GlobalSection(SolutionConfigurationPlatforms) = preSolution
		Debug|Any CPU = Debug|Any CPU
		Release|Any CPU = Release|Any CPU
	EndGlobalSection
	GlobalSection(ProjectConfigurationPlatforms) = postSolution
		{130ACD2B-1EB2-4BDB-8501-944D88114B26}.Debug|Any CPU.ActiveCfg = Debug|Any CPU
		{130ACD2B-1EB2-4BDB-8501-944D88114B26}.Debug|Any CPU.Build.0 = Debug|Any CPU
		{130ACD2B-1EB2-4BDB-8501-944D88114B26}.Release|Any CPU.ActiveCfg = Release|Any CPU
		{130ACD2B-1EB2-4BDB-8501-944D88114B26}.Release|Any CPU.Build.0 = Release|Any CPU
		{C36ED5CC-D0F9-4FD4-A248-118BBB0702F3}.Debug|Any CPU.ActiveCfg = Debug|Any CPU
		{C36ED5CC-D0F9-4FD4-A248-118BBB0702F3}.Debug|Any CPU.Build.0 = Debug|Any CPU
		{C36ED5CC-D0F9-4FD4-A248-118BBB0702F3}.Release|Any CPU.ActiveCfg = Release|Any CPU
		{C36ED5CC-D0F9-4FD4-A248-118BBB0702F3}.Release|Any CPU.Build.0 = Release|Any CPU
	EndGlobalSection
	GlobalSection(SolutionProperties) = preSolution
		HideSolutionNode = FALSE
	EndGlobalSection
	GlobalSection(NestedProjects) = preSolution
		{C36ED5CC-D0F9-4FD4-A248-118BBB0702F3} = {B4BA5DD9-2A8A-4EED-ACF8-F9A6C1DC1277}
	EndGlobalSection
	GlobalSection(ExtensibilityGlobals) = postSolution
		SolutionGuid = {440299A3-F8E0-4D4D-B003-6F72783B166F}
	EndGlobalSection
EndGlobal
